github.com/pschlump/ansi v1.0.10 h1:/0mcLwB7lcnkEsm9PwVn3M54cE3SLa9iGQVCl0kwgDI=
github.com/pschlump/ansi v1.0.10/go.mod h1:FNRT2g+l3Mb0NDLneP93/2eYWjgkRh6PhjFidEC3Oa0=
github.com/pschlump/filelib v1.0.15 h1:pqvTUAsBJN8pMAStfzd3P9pb0FReAUrCm2B5sgnb5BA=
github.com/pschlump/filelib v1.0.15/go.mod h1:AOVRf/K+wXgWYhsOc4ioeadyH1ANE3zob/Pgo+hoGGQ=
github.com/pschlump/go-colorable v0.1.0 h1:ZS5a2Csho2/6ET7BWlNV8LkVe6IU+L/Et2dbIhp4rQU=
github.com/pschlump/go-colorable v0.1.0/go.mod h1:BFfEJX7tHEh1cNJ93bwEv8p6FZA/MuuKSblzmm+lHAU=
github.com/pschlump/go-isatty v0.0.26 h1:LNq3UCXhi46kiHRcdSZK0EsB30kf+HGNJBAAc6yDw1s=
github.com/pschlump/go-isatty v0.0.26/go.mod h1:kzcFW2zqyji7u5I9sJ8xWVhDotbV1e30FCgAbyTABaI=
github.com/pschlump/json v1.12.1 h1:0E7lGxBvv7N+iY4p3/futCjRYAD62qpRL6+DdnZcSXY=
github.com/pschlump/json v1.12.1/go.mod h1:O7hZ/dn2YrWqDT4CG8CJKJCSIv6Z+Lv1wINCA7BHeJA=
golang.org/x/sys v0.47.0 h1:o7XGOvZQCADBQQ4Y7VNq2dRWQR7JmOUW8Kxx4ZsNgWs=
golang.org/x/sys v0.47.0/go.mod h1:4GL1E5IUh+htKOUEOaiffhrAeqysfVGipDYzABqnCmw=
