github.com/mattn/go-colorable v0.1.12 h1:jF+Du6AlPIjs2BiUiQlKOX0rt3SujHxPnksPKZbaA40=
github.com/mattn/go-colorable v0.1.12/go.mod h1:u5H1YNBxpqRaxsYJYSkiCWKzEfiAb1Gb520KVy5xxl4=
github.com/mattn/go-isatty v0.0.14 h1:yVuAays6BHfxijgZPzw+3Zlu5yQgKGP2/hcQbHb7S9Y=
github.com/mattn/go-isatty v0.0.14/go.mod h1:7GGIvUiUoEMVVmxf/4nioHXj79iQHKdU27kJ6hsGG94=
github.com/mgutz/ansi v0.0.0-20200706080929-d51e80ef957d/go.mod h1:01TrycV0kFyexm33Z7vhZRXopbI8J3TDReVlkTgMUxE=
github.com/pschlump/ansi v1.0.1 h1:NR7hBOgTV/shQwzwLmk4X/bVoUzvyIrwlB5k8wWnl7A=
github.com/pschlump/ansi v1.0.1/go.mod h1:dwr2CQhjyMjSNA9wpCOux2+MhQiqoelfvBKkTYNBNuA=
github.com/pschlump/filelib v1.0.6 h1:KJdAoE+5ovlpHrfs4CTGJDXmHCEyGK+sx3CKmBajgDw=
github.com/pschlump/filelib v1.0.6/go.mod h1:CxEa7t6Y1lukm2ar5iMbm1imu8fN4V52tgrWtXUqd1g=
github.com/pschlump/json v0.0.0-20180316172947-0d2e6a308e08 h1:vlHZH1VS4Wt4C8Jk1y8C6UqnpT54RuKWkV8iRc9Bwp4=
github.com/pschlump/json v0.0.0-20180316172947-0d2e6a308e08/go.mod h1:MyeKNxcsYS/AaCqIp6DgPdaE/4NVH49OJVCnQsRoevI=
golang.org/x/sys v0.0.0-20210630005230-0f9fa26af87c/go.mod h1:oPkhp1MJrh7nUepCBck5+mAzfO9JrbApNNgaTdGDITg=
golang.org/x/sys v0.0.0-20210927094055-39ccf1dd6fa6 h1:foEbQz/B0Oz6YIqu/69kfXPYeFQAuuMYFkjaqXzl5Wo=
golang.org/x/sys v0.0.0-20210927094055-39ccf1dd6fa6/go.mod h1:oPkhp1MJrh7nUepCBck5+mAzfO9JrbApNNgaTdGDITg=
